
Microsoft Visual Studio Solution File, Format Version 12.00
# Visual Studio 15
VisualStudioVersion = 15.0.27703.2042
MinimumVisualStudioVersion = 10.0.40219.1
Project("{FAE04EC0-301F-11D3-BF4B-00C04F79EFBC}") = "BingNewsSearch", "BingNewsSearch\BingNewsSearch.csproj", "{6E634718-7113-4F2D-BDE4-457B4362D779}"
EndProject
Global
	GlobalSection(SolutionConfigurationPlatforms) = preSolution
		Debug|Any CPU = Debug|Any CPU
		Release|Any CPU = Release|Any CPU
	EndGlobalSection
	GlobalSection(ProjectConfigurationPlatforms) = postSolution
		{6E634718-7113-4F2D-BDE4-457B4362D779}.Debug|Any CPU.ActiveCfg = Debug|Any CPU
		{6E634718-7113-4F2D-BDE4-457B4362D779}.Debug|Any CPU.Build.0 = Debug|Any CPU
		{6E634718-7113-4F2D-BDE4-457B4362D779}.Release|Any CPU.ActiveCfg = Release|Any CPU
		{6E634718-7113-4F2D-BDE4-457B4362D779}.Release|Any CPU.Build.0 = Release|Any CPU
	EndGlobalSection
	GlobalSection(SolutionProperties) = preSolution
		HideSolutionNode = FALSE
	EndGlobalSection
	GlobalSection(ExtensibilityGlobals) = postSolution
		SolutionGuid = {059F9EE6-F239-4CA4-BF70-6D0F0F03F6A4}
	EndGlobalSection
EndGlobal
